// !$*UTF8*$!
{
	archiveVersion = 1;
	classes = {
	};
	objectVersion = 46;
	objects = {

/* Begin PBXBuildFile section */
		3DDFCBC2BCF5D53409DDC445 /* Pods_racer_js.framework in Frameworks */ = {isa = PBXBuildFile; fileRef = 1CF099F032D030E3AB1A9157 /* Pods_racer_js.framework */; };
		73763D2D1F300F6B00B1A75B /* racer-js-app-icon~iPad.png in Resources */ = {isa = PBXBuildFile; fileRef = 73763D291F300F6B00B1A75B /* racer-js-app-icon~iPad.png */; };
		73763D2E1F300F6B00B1A75B /* racer-js-app-icon@2x~iPad.png in Resources */ = {isa = PBXBuildFile; fileRef = 73763D2A1F300F6B00B1A75B /* racer-js-app-icon@2x~iPad.png */; };
		73763D2F1F300F6B00B1A75B /* racer-js-app-icon@2x.png in Resources */ = {isa = PBXBuildFile; fileRef = 73763D2B1F300F6B00B1A75B /* racer-js-app-icon@2x.png */; };
		73763D301F300F6B00B1A75B /* racer-js-app-icon@3x.png in Resources */ = {isa = PBXBuildFile; fileRef = 73763D2C1F300F6B00B1A75B /* racer-js-app-icon@3x.png */; };
		7383838D1F300128009C8522 /* AppDelegate.swift in Sources */ = {isa = PBXBuildFile; fileRef = 7383838C1F300128009C8522 /* AppDelegate.swift */; };
		7383838F1F300128009C8522 /* WebViewController.swift in Sources */ = {isa = PBXBuildFile; fileRef = 7383838E1F300128009C8522 /* WebViewController.swift */; };
		738383941F300128009C8522 /* Assets.xcassets in Resources */ = {isa = PBXBuildFile; fileRef = 738383931F300128009C8522 /* Assets.xcassets */; };
		738383A21F300128009C8522 /* racer_jsTests.swift in Sources */ = {isa = PBXBuildFile; fileRef = 738383A11F300128009C8522 /* racer_jsTests.swift */; };
		738383AD1F300128009C8522 /* racer_jsUITests.swift in Sources */ = {isa = PBXBuildFile; fileRef = 738383AC1F300128009C8522 /* racer_jsUITests.swift */; };
		738383BD1F300777009C8522 /* LaunchScreen.storyboard in Resources */ = {isa = PBXBuildFile; fileRef = 738383BC1F300777009C8522 /* LaunchScreen.storyboard */; };
		73D2687B1F301021009DD669 /* racer-js-app-icon@2x~iPad-pro.png in Resources */ = {isa = PBXBuildFile; fileRef = 73D2687A1F301021009DD669 /* racer-js-app-icon@2x~iPad-pro.png */; };
/* End PBXBuildFile section */

/* Begin PBXContainerItemProxy section */
		7383839E1F300128009C8522 /* PBXContainerItemProxy */ = {
			isa = PBXContainerItemProxy;
			containerPortal = 738383811F300128009C8522 /* Project object */;
			proxyType = 1;
			remoteGlobalIDString = 738383881F300128009C8522;
			remoteInfo = "racer-js";
		};
		738383A91F300128009C8522 /* PBXContainerItemProxy */ = {
			isa = PBXContainerItemProxy;
			containerPortal = 738383811F300128009C8522 /* Project object */;
			proxyType = 1;
			remoteGlobalIDString = 738383881F300128009C8522;
			remoteInfo = "racer-js";
		};
/* End PBXContainerItemProxy section */

/* Begin PBXFileReference section */
		1CF099F032D030E3AB1A9157 /* Pods_racer_js.framework */ = {isa = PBXFileReference; explicitFileType = wrapper.framework; includeInIndex = 0; path = Pods_racer_js.framework; sourceTree = BUILT_PRODUCTS_DIR; };
		4C3D332300FB3D2B23584747 /* Pods-racer-js.debug.xcconfig */ = {isa = PBXFileReference; includeInIndex = 1; lastKnownFileType = text.xcconfig; name = "Pods-racer-js.debug.xcconfig"; path = "Pods/Target Support Files/Pods-racer-js/Pods-racer-js.debug.xcconfig"; sourceTree = "<group>"; };
		73763D281F30098F00B1A75B /* racer-js-Bridging-Header.h */ = {isa = PBXFileReference; fileEncoding = 4; lastKnownFileType = sourcecode.c.h; path = "racer-js-Bridging-Header.h"; sourceTree = SOURCE_ROOT; };
		73763D291F300F6B00B1A75B /* racer-js-app-icon~iPad.png */ = {isa = PBXFileReference; lastKnownFileType = image.png; name = "racer-js-app-icon~iPad.png"; path = "../../../Desktop/racer-js-app-icon~iPad.png"; sourceTree = "<group>"; };
		73763D2A1F300F6B00B1A75B /* racer-js-app-icon@2x~iPad.png */ = {isa = PBXFileReference; lastKnownFileType = image.png; name = "racer-js-app-icon@2x~iPad.png"; path = "../../../Desktop/racer-js-app-icon@2x~iPad.png"; sourceTree = "<group>"; };
		73763D2B1F300F6B00B1A75B /* racer-js-app-icon@2x.png */ = {isa = PBXFileReference; lastKnownFileType = image.png; name = "racer-js-app-icon@2x.png"; path = "../../../Desktop/racer-js-app-icon@2x.png"; sourceTree = "<group>"; };
		73763D2C1F300F6B00B1A75B /* racer-js-app-icon@3x.png */ = {isa = PBXFileReference; lastKnownFileType = image.png; name = "racer-js-app-icon@3x.png"; path = "../../../Desktop/racer-js-app-icon@3x.png"; sourceTree = "<group>"; };
		738383891F300128009C8522 /* racer-js.app */ = {isa = PBXFileReference; explicitFileType = wrapper.application; includeInIndex = 0; path = "racer-js.app"; sourceTree = BUILT_PRODUCTS_DIR; };
		7383838C1F300128009C8522 /* AppDelegate.swift */ = {isa = PBXFileReference; lastKnownFileType = sourcecode.swift; path = AppDelegate.swift; sourceTree = "<group>"; };
		7383838E1F300128009C8522 /* WebViewController.swift */ = {isa = PBXFileReference; lastKnownFileType = sourcecode.swift; path = WebViewController.swift; sourceTree = "<group>"; };
		738383931F300128009C8522 /* Assets.xcassets */ = {isa = PBXFileReference; lastKnownFileType = folder.assetcatalog; path = Assets.xcassets; sourceTree = "<group>"; };
		738383981F300128009C8522 /* Info.plist */ = {isa = PBXFileReference; lastKnownFileType = text.plist.xml; path = Info.plist; sourceTree = "<group>"; };
		7383839D1F300128009C8522 /* racer-jsTests.xctest */ = {isa = PBXFileReference; explicitFileType = wrapper.cfbundle; includeInIndex = 0; path = "racer-jsTests.xctest"; sourceTree = BUILT_PRODUCTS_DIR; };
		738383A11F300128009C8522 /* racer_jsTests.swift */ = {isa = PBXFileReference; lastKnownFileType = sourcecode.swift; path = racer_jsTests.swift; sourceTree = "<group>"; };
		738383A31F300128009C8522 /* Info.plist */ = {isa = PBXFileReference; lastKnownFileType = text.plist.xml; path = Info.plist; sourceTree = "<group>"; };
		738383A81F300128009C8522 /* racer-jsUITests.xctest */ = {isa = PBXFileReference; explicitFileType = wrapper.cfbundle; includeInIndex = 0; path = "racer-jsUITests.xctest"; sourceTree = BUILT_PRODUCTS_DIR; };
		738383AC1F300128009C8522 /* racer_jsUITests.swift */ = {isa = PBXFileReference; lastKnownFileType = sourcecode.swift; path = racer_jsUITests.swift; sourceTree = "<group>"; };
		738383AE1F300128009C8522 /* Info.plist */ = {isa = PBXFileReference; lastKnownFileType = text.plist.xml; path = Info.plist; sourceTree = "<group>"; };
		738383BC1F300777009C8522 /* LaunchScreen.storyboard */ = {isa = PBXFileReference; fileEncoding = 4; lastKnownFileType = file.storyboard; path = LaunchScreen.storyboard; sourceTree = "<group>"; };
		73D2687A1F301021009DD669 /* racer-js-app-icon@2x~iPad-pro.png */ = {isa = PBXFileReference; lastKnownFileType = image.png; name = "racer-js-app-icon@2x~iPad-pro.png"; path = "../../../Desktop/racer-js-app-icon@2x~iPad-pro.png"; sourceTree = "<group>"; };
		BCF658CB16C9FD9C6BEF1877 /* Pods-racer-js.release.xcconfig */ = {isa = PBXFileReference; includeInIndex = 1; lastKnownFileType = text.xcconfig; name = "Pods-racer-js.release.xcconfig"; path = "Pods/Target Support Files/Pods-racer-js/Pods-racer-js.release.xcconfig"; sourceTree = "<group>"; };
/* End PBXFileReference section */

/* Begin PBXFrameworksBuildPhase section */
		738383861F300128009C8522 /* Frameworks */ = {
			isa = PBXFrameworksBuildPhase;
			buildActionMask = 2147483647;
			files = (
				3DDFCBC2BCF5D53409DDC445 /* Pods_racer_js.framework in Frameworks */,
			);
			runOnlyForDeploymentPostprocessing = 0;
		};
		7383839A1F300128009C8522 /* Frameworks */ = {
			isa = PBXFrameworksBuildPhase;
			buildActionMask = 2147483647;
			files = (
			);
			runOnlyForDeploymentPostprocessing = 0;
		};
		738383A51F300128009C8522 /* Frameworks */ = {
			isa = PBXFrameworksBuildPhase;
			buildActionMask = 2147483647;
			files = (
			);
			runOnlyForDeploymentPostprocessing = 0;
		};
/* End PBXFrameworksBuildPhase section */

/* Begin PBXGroup section */
		738383801F300128009C8522 = {
			isa = PBXGroup;
			children = (
				7383838B1F300128009C8522 /* racer-js */,
				738383A01F300128009C8522 /* racer-jsTests */,
				738383AB1F300128009C8522 /* racer-jsUITests */,
				7383838A1F300128009C8522 /* Products */,
				A96C8254B765CB7F816AA29B /* Pods */,
				EB774E471A7426B01F625B0C /* Frameworks */,
			);
			sourceTree = "<group>";
		};
		7383838A1F300128009C8522 /* Products */ = {
			isa = PBXGroup;
			children = (
				738383891F300128009C8522 /* racer-js.app */,
				7383839D1F300128009C8522 /* racer-jsTests.xctest */,
				738383A81F300128009C8522 /* racer-jsUITests.xctest */,
			);
			name = Products;
			sourceTree = "<group>";
		};
		7383838B1F300128009C8522 /* racer-js */ = {
			isa = PBXGroup;
			children = (
				7383838C1F300128009C8522 /* AppDelegate.swift */,
				7383838E1F300128009C8522 /* WebViewController.swift */,
				738383931F300128009C8522 /* Assets.xcassets */,
				73D2687A1F301021009DD669 /* racer-js-app-icon@2x~iPad-pro.png */,
				73763D291F300F6B00B1A75B /* racer-js-app-icon~iPad.png */,
				73763D2A1F300F6B00B1A75B /* racer-js-app-icon@2x~iPad.png */,
				73763D2B1F300F6B00B1A75B /* racer-js-app-icon@2x.png */,
				73763D2C1F300F6B00B1A75B /* racer-js-app-icon@3x.png */,
				738383981F300128009C8522 /* Info.plist */,
				738383BC1F300777009C8522 /* LaunchScreen.storyboard */,
				73763D281F30098F00B1A75B /* racer-js-Bridging-Header.h */,
			);
			path = "racer-js";
			sourceTree = "<group>";
		};
		738383A01F300128009C8522 /* racer-jsTests */ = {
			isa = PBXGroup;
			children = (
				738383A11F300128009C8522 /* racer_jsTests.swift */,
				738383A31F300128009C8522 /* Info.plist */,
			);
			path = "racer-jsTests";
			sourceTree = "<group>";
		};
		738383AB1F300128009C8522 /* racer-jsUITests */ = {
			isa = PBXGroup;
			children = (
				738383AC1F300128009C8522 /* racer_jsUITests.swift */,
				738383AE1F300128009C8522 /* Info.plist */,
			);
			path = "racer-jsUITests";
			sourceTree = "<group>";
		};
		A96C8254B765CB7F816AA29B /* Pods */ = {
			isa = PBXGroup;
			children = (
				4C3D332300FB3D2B23584747 /* Pods-racer-js.debug.xcconfig */,
				BCF658CB16C9FD9C6BEF1877 /* Pods-racer-js.release.xcconfig */,
			);
			name = Pods;
			sourceTree = "<group>";
		};
		EB774E471A7426B01F625B0C /* Frameworks */ = {
			isa = PBXGroup;
			children = (
				1CF099F032D030E3AB1A9157 /* Pods_racer_js.framework */,
			);
			name = Frameworks;
			sourceTree = "<group>";
		};
/* End PBXGroup section */

/* Begin PBXNativeTarget section */
		738383881F300128009C8522 /* racer-js */ = {
			isa = PBXNativeTarget;
			buildConfigurationList = 738383B11F300128009C8522 /* Build configuration list for PBXNativeTarget "racer-js" */;
			buildPhases = (
				959AC90816893A00E93CAFEC /* [CP] Check Pods Manifest.lock */,
				738383851F300128009C8522 /* Sources */,
				738383861F300128009C8522 /* Frameworks */,
				738383871F300128009C8522 /* Resources */,
				D1083B6B36CE8494EB4BC713 /* [CP] Embed Pods Frameworks */,
				9DCA984BE615B3F28BC9D316 /* [CP] Copy Pods Resources */,
			);
			buildRules = (
			);
			dependencies = (
			);
			name = "racer-js";
			productName = "racer-js";
			productReference = 738383891F300128009C8522 /* racer-js.app */;
			productType = "com.apple.product-type.application";
		};
		7383839C1F300128009C8522 /* racer-jsTests */ = {
			isa = PBXNativeTarget;
			buildConfigurationList = 738383B41F300128009C8522 /* Build configuration list for PBXNativeTarget "racer-jsTests" */;
			buildPhases = (
				738383991F300128009C8522 /* Sources */,
				7383839A1F300128009C8522 /* Frameworks */,
				7383839B1F300128009C8522 /* Resources */,
			);
			buildRules = (
			);
			dependencies = (
				7383839F1F300128009C8522 /* PBXTargetDependency */,
			);
			name = "racer-jsTests";
			productName = "racer-jsTests";
			productReference = 7383839D1F300128009C8522 /* racer-jsTests.xctest */;
			productType = "com.apple.product-type.bundle.unit-test";
		};
		738383A71F300128009C8522 /* racer-jsUITests */ = {
			isa = PBXNativeTarget;
			buildConfigurationList = 738383B71F300128009C8522 /* Build configuration list for PBXNativeTarget "racer-jsUITests" */;
			buildPhases = (
				738383A41F300128009C8522 /* Sources */,
				738383A51F300128009C8522 /* Frameworks */,
				738383A61F300128009C8522 /* Resources */,
			);
			buildRules = (
			);
			dependencies = (
				738383AA1F300128009C8522 /* PBXTargetDependency */,
			);
			name = "racer-jsUITests";
			productName = "racer-jsUITests";
			productReference = 738383A81F300128009C8522 /* racer-jsUITests.xctest */;
			productType = "com.apple.product-type.bundle.ui-testing";
		};
/* End PBXNativeTarget section */

/* Begin PBXProject section */
		738383811F300128009C8522 /* Project object */ = {
			isa = PBXProject;
			attributes = {
				LastSwiftUpdateCheck = 0830;
				LastUpgradeCheck = 0830;
				ORGANIZATIONNAME = Cazares;
				TargetAttributes = {
					738383881F300128009C8522 = {
						CreatedOnToolsVersion = 8.3.3;
						DevelopmentTeam = 7QRW68DD5X;
						ProvisioningStyle = Automatic;
					};
					7383839C1F300128009C8522 = {
						CreatedOnToolsVersion = 8.3.3;
						DevelopmentTeam = 7QRW68DD5X;
						ProvisioningStyle = Automatic;
						TestTargetID = 738383881F300128009C8522;
					};
					738383A71F300128009C8522 = {
						CreatedOnToolsVersion = 8.3.3;
						DevelopmentTeam = 7QRW68DD5X;
						ProvisioningStyle = Automatic;
						TestTargetID = 738383881F300128009C8522;
					};
				};
			};
			buildConfigurationList = 738383841F300128009C8522 /* Build configuration list for PBXProject "racer-js" */;
			compatibilityVersion = "Xcode 3.2";
			developmentRegion = English;
			hasScannedForEncodings = 0;
			knownRegions = (
				en,
				Base,
			);
			mainGroup = 738383801F300128009C8522;
			productRefGroup = 7383838A1F300128009C8522 /* Products */;
			projectDirPath = "";
			projectRoot = "";
			targets = (
				738383881F300128009C8522 /* racer-js */,
				7383839C1F300128009C8522 /* racer-jsTests */,
				738383A71F300128009C8522 /* racer-jsUITests */,
			);
		};
/* End PBXProject section */

/* Begin PBXResourcesBuildPhase section */
		738383871F300128009C8522 /* Resources */ = {
			isa = PBXResourcesBuildPhase;
			buildActionMask = 2147483647;
			files = (
				73763D2F1F300F6B00B1A75B /* racer-js-app-icon@2x.png in Resources */,
				738383941F300128009C8522 /* Assets.xcassets in Resources */,
				73763D2E1F300F6B00B1A75B /* racer-js-app-icon@2x~iPad.png in Resources */,
				73D2687B1F301021009DD669 /* racer-js-app-icon@2x~iPad-pro.png in Resources */,
				738383BD1F300777009C8522 /* LaunchScreen.storyboard in Resources */,
				73763D2D1F300F6B00B1A75B /* racer-js-app-icon~iPad.png in Resources */,
				73763D301F300F6B00B1A75B /* racer-js-app-icon@3x.png in Resources */,
			);
			runOnlyForDeploymentPostprocessing = 0;
		};
		7383839B1F300128009C8522 /* Resources */ = {
			isa = PBXResourcesBuildPhase;
			buildActionMask = 2147483647;
			files = (
			);
			runOnlyForDeploymentPostprocessing = 0;
		};
		738383A61F300128009C8522 /* Resources */ = {
			isa = PBXResourcesBuildPhase;
			buildActionMask = 2147483647;
			files = (
			);
			runOnlyForDeploymentPostprocessing = 0;
		};
/* End PBXResourcesBuildPhase section */

/* Begin PBXShellScriptBuildPhase section */
		959AC90816893A00E93CAFEC /* [CP] Check Pods Manifest.lock */ = {
			isa = PBXShellScriptBuildPhase;
			buildActionMask = 2147483647;
			files = (
			);
			inputPaths = (
			);
			name = "[CP] Check Pods Manifest.lock";
			outputPaths = (
			);
			runOnlyForDeploymentPostprocessing = 0;
			shellPath = /bin/sh;
			shellScript = "diff \"${PODS_ROOT}/../Podfile.lock\" \"${PODS_ROOT}/Manifest.lock\" > /dev/null\nif [ $? != 0 ] ; then\n    # print error to STDERR\n    echo \"error: The sandbox is not in sync with the Podfile.lock. Run 'pod install' or update your CocoaPods installation.\" >&2\n    exit 1\nfi\n";
			showEnvVarsInLog = 0;
		};
		9DCA984BE615B3F28BC9D316 /* [CP] Copy Pods Resources */ = {
			isa = PBXShellScriptBuildPhase;
			buildActionMask = 2147483647;
			files = (
			);
			inputPaths = (
			);
			name = "[CP] Copy Pods Resources";
			outputPaths = (
			);
			runOnlyForDeploymentPostprocessing = 0;
			shellPath = /bin/sh;
			shellScript = "\"${SRCROOT}/Pods/Target Support Files/Pods-racer-js/Pods-racer-js-resources.sh\"\n";
			showEnvVarsInLog = 0;
		};
		D1083B6B36CE8494EB4BC713 /* [CP] Embed Pods Frameworks */ = {
			isa = PBXShellScriptBuildPhase;
			buildActionMask = 2147483647;
			files = (
			);
			inputPaths = (
			);
			name = "[CP] Embed Pods Frameworks";
			outputPaths = (
			);
			runOnlyForDeploymentPostprocessing = 0;
			shellPath = /bin/sh;
			shellScript = "\"${SRCROOT}/Pods/Target Support Files/Pods-racer-js/Pods-racer-js-frameworks.sh\"\n";
			showEnvVarsInLog = 0;
		};
/* End PBXShellScriptBuildPhase section */

/* Begin PBXSourcesBuildPhase section */
		738383851F300128009C8522 /* Sources */ = {
			isa = PBXSourcesBuildPhase;
			buildActionMask = 2147483647;
			files = (
				7383838F1F300128009C8522 /* WebViewController.swift in Sources */,
				7383838D1F300128009C8522 /* AppDelegate.swift in Sources */,
			);
			runOnlyForDeploymentPostprocessing = 0;
		};
		738383991F300128009C8522 /* Sources */ = {
			isa = PBXSourcesBuildPhase;
			buildActionMask = 2147483647;
			files = (
				738383A21F300128009C8522 /* racer_jsTests.swift in Sources */,
			);
			runOnlyForDeploymentPostprocessing = 0;
		};
		738383A41F300128009C8522 /* Sources */ = {
			isa = PBXSourcesBuildPhase;
			buildActionMask = 2147483647;
			files = (
				738383AD1F300128009C8522 /* racer_jsUITests.swift in Sources */,
			);
			runOnlyForDeploymentPostprocessing = 0;
		};
/* End PBXSourcesBuildPhase section */

/* Begin PBXTargetDependency section */
		7383839F1F300128009C8522 /* PBXTargetDependency */ = {
			isa = PBXTargetDependency;
			target = 738383881F300128009C8522 /* racer-js */;
			targetProxy = 7383839E1F300128009C8522 /* PBXContainerItemProxy */;
		};
		738383AA1F300128009C8522 /* PBXTargetDependency */ = {
			isa = PBXTargetDependency;
			target = 738383881F300128009C8522 /* racer-js */;
			targetProxy = 738383A91F300128009C8522 /* PBXContainerItemProxy */;
		};
/* End PBXTargetDependency section */

/* Begin XCBuildConfiguration section */
		738383AF1F300128009C8522 /* Debug */ = {
			isa = XCBuildConfiguration;
			buildSettings = {
				ALWAYS_SEARCH_USER_PATHS = NO;
				CLANG_ANALYZER_NONNULL = YES;
				CLANG_ANALYZER_NUMBER_OBJECT_CONVERSION = YES_AGGRESSIVE;
				CLANG_CXX_LANGUAGE_STANDARD = "gnu++0x";
				CLANG_CXX_LIBRARY = "libc++";
				CLANG_ENABLE_MODULES = YES;
				CLANG_ENABLE_OBJC_ARC = YES;
				CLANG_WARN_BOOL_CONVERSION = YES;
				CLANG_WARN_CONSTANT_CONVERSION = YES;
				CLANG_WARN_DIRECT_OBJC_ISA_USAGE = YES_ERROR;
				CLANG_WARN_DOCUMENTATION_COMMENTS = YES;
				CLANG_WARN_EMPTY_BODY = YES;
				CLANG_WARN_ENUM_CONVERSION = YES;
				CLANG_WARN_INFINITE_RECURSION = YES;
				CLANG_WARN_INT_CONVERSION = YES;
				CLANG_WARN_OBJC_ROOT_CLASS = YES_ERROR;
				CLANG_WARN_SUSPICIOUS_MOVE = YES;
				CLANG_WARN_UNREACHABLE_CODE = YES;
				CLANG_WARN__DUPLICATE_METHOD_MATCH = YES;
				"CODE_SIGN_IDENTITY[sdk=iphoneos*]" = "iPhone Developer";
				COPY_PHASE_STRIP = NO;
				DEBUG_INFORMATION_FORMAT = dwarf;
				ENABLE_STRICT_OBJC_MSGSEND = YES;
				ENABLE_TESTABILITY = YES;
				GCC_C_LANGUAGE_STANDARD = gnu99;
				GCC_DYNAMIC_NO_PIC = NO;
				GCC_NO_COMMON_BLOCKS = YES;
				GCC_OPTIMIZATION_LEVEL = 0;
				GCC_PREPROCESSOR_DEFINITIONS = (
					"DEBUG=1",
					"$(inherited)",
				);
				GCC_WARN_64_TO_32_BIT_CONVERSION = YES;
				GCC_WARN_ABOUT_RETURN_TYPE = YES_ERROR;
				GCC_WARN_UNDECLARED_SELECTOR = YES;
				GCC_WARN_UNINITIALIZED_AUTOS = YES_AGGRESSIVE;
				GCC_WARN_UNUSED_FUNCTION = YES;
				GCC_WARN_UNUSED_VARIABLE = YES;
				IPHONEOS_DEPLOYMENT_TARGET = 10.3;
				MTL_ENABLE_DEBUG_INFO = YES;
				ONLY_ACTIVE_ARCH = YES;
				SDKROOT = iphoneos;
				SWIFT_ACTIVE_COMPILATION_CONDITIONS = DEBUG;
				SWIFT_OPTIMIZATION_LEVEL = "-Onone";
				TARGETED_DEVICE_FAMILY = "1,2";
			};
			name = Debug;
		};
		738383B01F300128009C8522 /* Release */ = {
			isa = XCBuildConfiguration;
			buildSettings = {
				ALWAYS_SEARCH_USER_PATHS = NO;
				CLANG_ANALYZER_NONNULL = YES;
				CLANG_ANALYZER_NUMBER_OBJECT_CONVERSION = YES_AGGRESSIVE;
				CLANG_CXX_LANGUAGE_STANDARD = "gnu++0x";
				CLANG_CXX_LIBRARY = "libc++";
				CLANG_ENABLE_MODULES = YES;
				CLANG_ENABLE_OBJC_ARC = YES;
				CLANG_WARN_BOOL_CONVERSION = YES;
				CLANG_WARN_CONSTANT_CONVERSION = YES;
				CLANG_WARN_DIRECT_OBJC_ISA_USAGE = YES_ERROR;
				CLANG_WARN_DOCUMENTATION_COMMENTS = YES;
				CLANG_WARN_EMPTY_BODY = YES;
				CLANG_WARN_ENUM_CONVERSION = YES;
				CLANG_WARN_INFINITE_RECURSION = YES;
				CLANG_WARN_INT_CONVERSION = YES;
				CLANG_WARN_OBJC_ROOT_CLASS = YES_ERROR;
				CLANG_WARN_SUSPICIOUS_MOVE = YES;
				CLANG_WARN_UNREACHABLE_CODE = YES;
				CLANG_WARN__DUPLICATE_METHOD_MATCH = YES;
				"CODE_SIGN_IDENTITY[sdk=iphoneos*]" = "iPhone Developer";
				COPY_PHASE_STRIP = NO;
				DEBUG_INFORMATION_FORMAT = "dwarf-with-dsym";
				ENABLE_NS_ASSERTIONS = NO;
				ENABLE_STRICT_OBJC_MSGSEND = YES;
				GCC_C_LANGUAGE_STANDARD = gnu99;
				GCC_NO_COMMON_BLOCKS = YES;
				GCC_WARN_64_TO_32_BIT_CONVERSION = YES;
				GCC_WARN_ABOUT_RETURN_TYPE = YES_ERROR;
				GCC_WARN_UNDECLARED_SELECTOR = YES;
				GCC_WARN_UNINITIALIZED_AUTOS = YES_AGGRESSIVE;
				GCC_WARN_UNUSED_FUNCTION = YES;
				GCC_WARN_UNUSED_VARIABLE = YES;
				IPHONEOS_DEPLOYMENT_TARGET = 10.3;
				MTL_ENABLE_DEBUG_INFO = NO;
				SDKROOT = iphoneos;
				SWIFT_OPTIMIZATION_LEVEL = "-Owholemodule";
				TARGETED_DEVICE_FAMILY = "1,2";
				VALIDATE_PRODUCT = YES;
			};
			name = Release;
		};
		738383B21F300128009C8522 /* Debug */ = {
			isa = XCBuildConfiguration;
			baseConfigurationReference = 4C3D332300FB3D2B23584747 /* Pods-racer-js.debug.xcconfig */;
			buildSettings = {
				ASSETCATALOG_COMPILER_APPICON_NAME = AppIcon;
				DEVELOPMENT_TEAM = 7QRW68DD5X;
				INFOPLIST_FILE = "racer-js/Info.plist";
				IPHONEOS_DEPLOYMENT_TARGET = 10.3;
				LD_RUNPATH_SEARCH_PATHS = "$(inherited) @executable_path/Frameworks";
				PRODUCT_BUNDLE_IDENTIFIER = "com.cazares.racer-js";
				PRODUCT_NAME = "$(TARGET_NAME)";
				SWIFT_OBJC_BRIDGING_HEADER = "racer-js-Bridging-Header.h";
				SWIFT_VERSION = 3.0;
				TARGETED_DEVICE_FAMILY = "1,2";
			};
			name = Debug;
		};
		738383B31F300128009C8522 /* Release */ = {
			isa = XCBuildConfiguration;
			baseConfigurationReference = BCF658CB16C9FD9C6BEF1877 /* Pods-racer-js.release.xcconfig */;
			buildSettings = {
				ASSETCATALOG_COMPILER_APPICON_NAME = AppIcon;
				DEVELOPMENT_TEAM = 7QRW68DD5X;
				INFOPLIST_FILE = "racer-js/Info.plist";
				IPHONEOS_DEPLOYMENT_TARGET = 10.3;
				LD_RUNPATH_SEARCH_PATHS = "$(inherited) @executable_path/Frameworks";
				PRODUCT_BUNDLE_IDENTIFIER = "com.cazares.racer-js";
				PRODUCT_NAME = "$(TARGET_NAME)";
				SWIFT_OBJC_BRIDGING_HEADER = "racer-js-Bridging-Header.h";
				SWIFT_VERSION = 3.0;
				TARGETED_DEVICE_FAMILY = "1,2";
			};
			name = Release;
		};
		738383B51F300128009C8522 /* Debug */ = {
			isa = XCBuildConfiguration;
			buildSettings = {
				ALWAYS_EMBED_SWIFT_STANDARD_LIBRARIES = YES;
				BUNDLE_LOADER = "$(TEST_HOST)";
				DEVELOPMENT_TEAM = 7QRW68DD5X;
				INFOPLIST_FILE = "racer-jsTests/Info.plist";
				LD_RUNPATH_SEARCH_PATHS = "$(inherited) @executable_path/Frameworks @loader_path/Frameworks";
				PRODUCT_BUNDLE_IDENTIFIER = "com.cazares.racer-jsTests";
				PRODUCT_NAME = "$(TARGET_NAME)";
				SWIFT_VERSION = 3.0;
				TEST_HOST = "$(BUILT_PRODUCTS_DIR)/racer-js.app/racer-js";
			};
			name = Debug;
		};
		738383B61F300128009C8522 /* Release */ = {
			isa = XCBuildConfiguration;
			buildSettings = {
				ALWAYS_EMBED_SWIFT_STANDARD_LIBRARIES = YES;
				BUNDLE_LOADER = "$(TEST_HOST)";
				DEVELOPMENT_TEAM = 7QRW68DD5X;
				INFOPLIST_FILE = "racer-jsTests/Info.plist";
				LD_RUNPATH_SEARCH_PATHS = "$(inherited) @executable_path/Frameworks @loader_path/Frameworks";
				PRODUCT_BUNDLE_IDENTIFIER = "com.cazares.racer-jsTests";
				PRODUCT_NAME = "$(TARGET_NAME)";
				SWIFT_VERSION = 3.0;
				TEST_HOST = "$(BUILT_PRODUCTS_DIR)/racer-js.app/racer-js";
			};
			name = Release;
		};
		738383B81F300128009C8522 /* Debug */ = {
			isa = XCBuildConfiguration;
			buildSettings = {
				ALWAYS_EMBED_SWIFT_STANDARD_LIBRARIES = YES;
				DEVELOPMENT_TEAM = 7QRW68DD5X;
				INFOPLIST_FILE = "racer-jsUITests/Info.plist";
				LD_RUNPATH_SEARCH_PATHS = "$(inherited) @executable_path/Frameworks @loader_path/Frameworks";
				PRODUCT_BUNDLE_IDENTIFIER = "com.cazares.racer-jsUITests";
				PRODUCT_NAME = "$(TARGET_NAME)";
				SWIFT_VERSION = 3.0;
				TEST_TARGET_NAME = "racer-js";
			};
			name = Debug;
		};
		738383B91F300128009C8522 /* Release */ = {
			isa = XCBuildConfiguration;
			buildSettings = {
				ALWAYS_EMBED_SWIFT_STANDARD_LIBRARIES = YES;
				DEVELOPMENT_TEAM = 7QRW68DD5X;
				INFOPLIST_FILE = "racer-jsUITests/Info.plist";
				LD_RUNPATH_SEARCH_PATHS = "$(inherited) @executable_path/Frameworks @loader_path/Frameworks";
				PRODUCT_BUNDLE_IDENTIFIER = "com.cazares.racer-jsUITests";
				PRODUCT_NAME = "$(TARGET_NAME)";
				SWIFT_VERSION = 3.0;
				TEST_TARGET_NAME = "racer-js";
			};
			name = Release;
		};
/* End XCBuildConfiguration section */

/* Begin XCConfigurationList section */
		738383841F300128009C8522 /* Build configuration list for PBXProject "racer-js" */ = {
			isa = XCConfigurationList;
			buildConfigurations = (
				738383AF1F300128009C8522 /* Debug */,
				738383B01F300128009C8522 /* Release */,
			);
			defaultConfigurationIsVisible = 0;
			defaultConfigurationName = Release;
		};
		738383B11F300128009C8522 /* Build configuration list for PBXNativeTarget "racer-js" */ = {
			isa = XCConfigurationList;
			buildConfigurations = (
				738383B21F300128009C8522 /* Debug */,
				738383B31F300128009C8522 /* Release */,
			);
			defaultConfigurationIsVisible = 0;
			defaultConfigurationName = Release;
		};
		738383B41F300128009C8522 /* Build configuration list for PBXNativeTarget "racer-jsTests" */ = {
			isa = XCConfigurationList;
			buildConfigurations = (
				738383B51F300128009C8522 /* Debug */,
				738383B61F300128009C8522 /* Release */,
			);
			defaultConfigurationIsVisible = 0;
			defaultConfigurationName = Release;
		};
		738383B71F300128009C8522 /* Build configuration list for PBXNativeTarget "racer-jsUITests" */ = {
			isa = XCConfigurationList;
			buildConfigurations = (
				738383B81F300128009C8522 /* Debug */,
				738383B91F300128009C8522 /* Release */,
			);
			defaultConfigurationIsVisible = 0;
			defaultConfigurationName = Release;
		};
/* End XCConfigurationList section */
	};
	rootObject = 738383811F300128009C8522 /* Project object */;
}
